<Solution>
  <Folder Name="/src/">
    <Project Path="src/ServoHingeController/ServoHingeController.csproj" />
    <Project Path="src/ServoRotorController/ServoRotorController.csproj" />
  </Folder>
  <Folder Name="/tests/">
    <Project Path="tests/ServoRotorController.Tests/ServoRotorController.Tests.csproj" />
  </Folder>
</Solution>
